
Microsoft Visual Studio Solution File, Format Version 12.00
# Visual Studio 14
VisualStudioVersion = 14.0.25420.1
MinimumVisualStudioVersion = 10.0.40219.1
Project("{8BC9CEB8-8B4A-11D0-8D11-00A0C91BC942}") = "NeuralCreature", "NeuralCreature\NeuralCreature.vcxproj", "{3E409D51-6B2E-40B6-B922-237992C2C037}"
EndProject
Project("{8BC9CEB8-8B4A-11D0-8D11-00A0C91BC942}") = "BulletCollision", "build\src\BulletCollision\BulletCollision.vcxproj", "{1A2D0DD3-21FF-358F-B12E-F314A7C29174}"
EndProject
Project("{8BC9CEB8-8B4A-11D0-8D11-00A0C91BC942}") = "BulletDynamics", "build\src\BulletDynamics\BulletDynamics.vcxproj", "{4A2C29DF-AADE-315F-B90B-D7388C834157}"
EndProject
Project("{8BC9CEB8-8B4A-11D0-8D11-00A0C91BC942}") = "LinearMath", "build\src\LinearMath\LinearMath.vcxproj", "{D23603BD-BD18-3D07-98FF-01334F646BCC}"
EndProject
Global
	GlobalSection(SolutionConfigurationPlatforms) = preSolution
		Debug|x64 = Debug|x64
		Debug|x86 = Debug|x86
		MinSizeRel|x64 = MinSizeRel|x64
		MinSizeRel|x86 = MinSizeRel|x86
		Release|x64 = Release|x64
		Release|x86 = Release|x86
		RelWithDebInfo|x64 = RelWithDebInfo|x64
		RelWithDebInfo|x86 = RelWithDebInfo|x86
	EndGlobalSection
	GlobalSection(ProjectConfigurationPlatforms) = postSolution
		{3E409D51-6B2E-40B6-B922-237992C2C037}.Debug|x64.ActiveCfg = Debug|x64
		{3E409D51-6B2E-40B6-B922-237992C2C037}.Debug|x64.Build.0 = Debug|x64
		{3E409D51-6B2E-40B6-B922-237992C2C037}.Debug|x86.ActiveCfg = Debug|Win32
		{3E409D51-6B2E-40B6-B922-237992C2C037}.Debug|x86.Build.0 = Debug|Win32
		{3E409D51-6B2E-40B6-B922-237992C2C037}.MinSizeRel|x64.ActiveCfg = Release|x64
		{3E409D51-6B2E-40B6-B922-237992C2C037}.MinSizeRel|x64.Build.0 = Release|x64
		{3E409D51-6B2E-40B6-B922-237992C2C037}.MinSizeRel|x86.ActiveCfg = Release|Win32
		{3E409D51-6B2E-40B6-B922-237992C2C037}.MinSizeRel|x86.Build.0 = Release|Win32
		{3E409D51-6B2E-40B6-B922-237992C2C037}.Release|x64.ActiveCfg = Release|x64
		{3E409D51-6B2E-40B6-B922-237992C2C037}.Release|x64.Build.0 = Release|x64
		{3E409D51-6B2E-40B6-B922-237992C2C037}.Release|x86.ActiveCfg = Release|Win32
		{3E409D51-6B2E-40B6-B922-237992C2C037}.Release|x86.Build.0 = Release|Win32
		{3E409D51-6B2E-40B6-B922-237992C2C037}.RelWithDebInfo|x64.ActiveCfg = Release|x64
		{3E409D51-6B2E-40B6-B922-237992C2C037}.RelWithDebInfo|x64.Build.0 = Release|x64
		{3E409D51-6B2E-40B6-B922-237992C2C037}.RelWithDebInfo|x86.ActiveCfg = Release|Win32
		{3E409D51-6B2E-40B6-B922-237992C2C037}.RelWithDebInfo|x86.Build.0 = Release|Win32
		{1A2D0DD3-21FF-358F-B12E-F314A7C29174}.Debug|x64.ActiveCfg = Debug|Win32
		{1A2D0DD3-21FF-358F-B12E-F314A7C29174}.Debug|x86.ActiveCfg = Debug|Win32
		{1A2D0DD3-21FF-358F-B12E-F314A7C29174}.Debug|x86.Build.0 = Debug|Win32
		{1A2D0DD3-21FF-358F-B12E-F314A7C29174}.MinSizeRel|x64.ActiveCfg = MinSizeRel|Win32
		{1A2D0DD3-21FF-358F-B12E-F314A7C29174}.MinSizeRel|x86.ActiveCfg = MinSizeRel|Win32
		{1A2D0DD3-21FF-358F-B12E-F314A7C29174}.MinSizeRel|x86.Build.0 = MinSizeRel|Win32
		{1A2D0DD3-21FF-358F-B12E-F314A7C29174}.Release|x64.ActiveCfg = Release|Win32
		{1A2D0DD3-21FF-358F-B12E-F314A7C29174}.Release|x86.ActiveCfg = Release|Win32
		{1A2D0DD3-21FF-358F-B12E-F314A7C29174}.Release|x86.Build.0 = Release|Win32
		{1A2D0DD3-21FF-358F-B12E-F314A7C29174}.RelWithDebInfo|x64.ActiveCfg = RelWithDebInfo|Win32
		{1A2D0DD3-21FF-358F-B12E-F314A7C29174}.RelWithDebInfo|x86.ActiveCfg = RelWithDebInfo|Win32
		{1A2D0DD3-21FF-358F-B12E-F314A7C29174}.RelWithDebInfo|x86.Build.0 = RelWithDebInfo|Win32
		{4A2C29DF-AADE-315F-B90B-D7388C834157}.Debug|x64.ActiveCfg = Debug|Win32
		{4A2C29DF-AADE-315F-B90B-D7388C834157}.Debug|x86.ActiveCfg = Debug|Win32
		{4A2C29DF-AADE-315F-B90B-D7388C834157}.Debug|x86.Build.0 = Debug|Win32
		{4A2C29DF-AADE-315F-B90B-D7388C834157}.MinSizeRel|x64.ActiveCfg = MinSizeRel|Win32
		{4A2C29DF-AADE-315F-B90B-D7388C834157}.MinSizeRel|x86.ActiveCfg = MinSizeRel|Win32
		{4A2C29DF-AADE-315F-B90B-D7388C834157}.MinSizeRel|x86.Build.0 = MinSizeRel|Win32
		{4A2C29DF-AADE-315F-B90B-D7388C834157}.Release|x64.ActiveCfg = Release|Win32
		{4A2C29DF-AADE-315F-B90B-D7388C834157}.Release|x86.ActiveCfg = Release|Win32
		{4A2C29DF-AADE-315F-B90B-D7388C834157}.Release|x86.Build.0 = Release|Win32
		{4A2C29DF-AADE-315F-B90B-D7388C834157}.RelWithDebInfo|x64.ActiveCfg = RelWithDebInfo|Win32
		{4A2C29DF-AADE-315F-B90B-D7388C834157}.RelWithDebInfo|x86.ActiveCfg = RelWithDebInfo|Win32
		{4A2C29DF-AADE-315F-B90B-D7388C834157}.RelWithDebInfo|x86.Build.0 = RelWithDebInfo|Win32
		{D23603BD-BD18-3D07-98FF-01334F646BCC}.Debug|x64.ActiveCfg = Debug|Win32
		{D23603BD-BD18-3D07-98FF-01334F646BCC}.Debug|x86.ActiveCfg = Debug|Win32
		{D23603BD-BD18-3D07-98FF-01334F646BCC}.Debug|x86.Build.0 = Debug|Win32
		{D23603BD-BD18-3D07-98FF-01334F646BCC}.MinSizeRel|x64.ActiveCfg = MinSizeRel|Win32
		{D23603BD-BD18-3D07-98FF-01334F646BCC}.MinSizeRel|x86.ActiveCfg = MinSizeRel|Win32
		{D23603BD-BD18-3D07-98FF-01334F646BCC}.MinSizeRel|x86.Build.0 = MinSizeRel|Win32
		{D23603BD-BD18-3D07-98FF-01334F646BCC}.Release|x64.ActiveCfg = Release|Win32
		{D23603BD-BD18-3D07-98FF-01334F646BCC}.Release|x86.ActiveCfg = Release|Win32
		{D23603BD-BD18-3D07-98FF-01334F646BCC}.Release|x86.Build.0 = Release|Win32
		{D23603BD-BD18-3D07-98FF-01334F646BCC}.RelWithDebInfo|x64.ActiveCfg = RelWithDebInfo|Win32
		{D23603BD-BD18-3D07-98FF-01334F646BCC}.RelWithDebInfo|x86.ActiveCfg = RelWithDebInfo|Win32
		{D23603BD-BD18-3D07-98FF-01334F646BCC}.RelWithDebInfo|x86.Build.0 = RelWithDebInfo|Win32
	EndGlobalSection
	GlobalSection(SolutionProperties) = preSolution
		HideSolutionNode = FALSE
	EndGlobalSection
EndGlobal
